
Microsoft Visual Studio Solution File, Format Version 12.00
# Visual Studio Version 16
VisualStudioVersion = 16.0.29613.14
MinimumVisualStudioVersion = 10.0.40219.1
Project("{9A19103F-16F7-4668-BE54-9A1E7A4F7556}") = "PizzaBox.WebUI", "PizzaBox.WebUI\PizzaBox.WebUI.csproj", "{36130CFC-DD0A-44FF-AC3F-8E2B0C8A3A46}"
EndProject
Project("{9A19103F-16F7-4668-BE54-9A1E7A4F7556}") = "PizzaBox.DataAccess", "PizzaBox.DataAccess\PizzaBox.DataAccess.csproj", "{CC3AE822-7479-4AD1-ADBD-64CEF61C0FB9}"
EndProject
Project("{9A19103F-16F7-4668-BE54-9A1E7A4F7556}") = "PizzaBox.Library", "PizzaBox.Library\PizzaBox.Library.csproj", "{0CA33365-6D79-4B22-8A96-701EBB7E8FBF}"
EndProject
Project("{FAE04EC0-301F-11D3-BF4B-00C04F79EFBC}") = "PizzaBox.Test", "PizzaBox.Test\PizzaBox.Test.csproj", "{365E8085-6A06-4CD6-B455-EB876EFD103B}"
EndProject
Global
	GlobalSection(SolutionConfigurationPlatforms) = preSolution
		Debug|Any CPU = Debug|Any CPU
		Release|Any CPU = Release|Any CPU
	EndGlobalSection
	GlobalSection(ProjectConfigurationPlatforms) = postSolution
		{36130CFC-DD0A-44FF-AC3F-8E2B0C8A3A46}.Debug|Any CPU.ActiveCfg = Debug|Any CPU
		{36130CFC-DD0A-44FF-AC3F-8E2B0C8A3A46}.Debug|Any CPU.Build.0 = Debug|Any CPU
		{36130CFC-DD0A-44FF-AC3F-8E2B0C8A3A46}.Release|Any CPU.ActiveCfg = Release|Any CPU
		{36130CFC-DD0A-44FF-AC3F-8E2B0C8A3A46}.Release|Any CPU.Build.0 = Release|Any CPU
		{CC3AE822-7479-4AD1-ADBD-64CEF61C0FB9}.Debug|Any CPU.ActiveCfg = Debug|Any CPU
		{CC3AE822-7479-4AD1-ADBD-64CEF61C0FB9}.Debug|Any CPU.Build.0 = Debug|Any CPU
		{CC3AE822-7479-4AD1-ADBD-64CEF61C0FB9}.Release|Any CPU.ActiveCfg = Release|Any CPU
		{CC3AE822-7479-4AD1-ADBD-64CEF61C0FB9}.Release|Any CPU.Build.0 = Release|Any CPU
		{0CA33365-6D79-4B22-8A96-701EBB7E8FBF}.Debug|Any CPU.ActiveCfg = Debug|Any CPU
		{0CA33365-6D79-4B22-8A96-701EBB7E8FBF}.Debug|Any CPU.Build.0 = Debug|Any CPU
		{0CA33365-6D79-4B22-8A96-701EBB7E8FBF}.Release|Any CPU.ActiveCfg = Release|Any CPU
		{0CA33365-6D79-4B22-8A96-701EBB7E8FBF}.Release|Any CPU.Build.0 = Release|Any CPU
		{365E8085-6A06-4CD6-B455-EB876EFD103B}.Debug|Any CPU.ActiveCfg = Debug|Any CPU
		{365E8085-6A06-4CD6-B455-EB876EFD103B}.Debug|Any CPU.Build.0 = Debug|Any CPU
		{365E8085-6A06-4CD6-B455-EB876EFD103B}.Release|Any CPU.ActiveCfg = Release|Any CPU
		{365E8085-6A06-4CD6-B455-EB876EFD103B}.Release|Any CPU.Build.0 = Release|Any CPU
	EndGlobalSection
	GlobalSection(SolutionProperties) = preSolution
		HideSolutionNode = FALSE
	EndGlobalSection
	GlobalSection(ExtensibilityGlobals) = postSolution
		SolutionGuid = {1FE64A6B-C9E0-4680-BC76-85AABDCA18B0}
	EndGlobalSection
EndGlobal
